
Microsoft Visual Studio Solution File, Format Version 12.00
# Visual Studio Version 17
VisualStudioVersion = 17.6.33829.357
MinimumVisualStudioVersion = 10.0.40219.1
Project("{FAE04EC0-301F-11D3-BF4B-00C04F79EFBC}") = "Assignment-CT", "Assignment-CT\Assignment-CT.csproj", "{4F93BE4C-9D12-4083-A43D-8E64037D364C}"
EndProject
Global
	GlobalSection(SolutionConfigurationPlatforms) = preSolution
		Debug|Any CPU = Debug|Any CPU
		Release|Any CPU = Release|Any CPU
	EndGlobalSection
	GlobalSection(ProjectConfigurationPlatforms) = postSolution
		{4F93BE4C-9D12-4083-A43D-8E64037D364C}.Debug|Any CPU.ActiveCfg = Debug|Any CPU
		{4F93BE4C-9D12-4083-A43D-8E64037D364C}.Debug|Any CPU.Build.0 = Debug|Any CPU
		{4F93BE4C-9D12-4083-A43D-8E64037D364C}.Release|Any CPU.ActiveCfg = Release|Any CPU
		{4F93BE4C-9D12-4083-A43D-8E64037D364C}.Release|Any CPU.Build.0 = Release|Any CPU
	EndGlobalSection
	GlobalSection(SolutionProperties) = preSolution
		HideSolutionNode = FALSE
	EndGlobalSection
	GlobalSection(ExtensibilityGlobals) = postSolution
		SolutionGuid = {0F86F1C3-4B65-46C1-A504-7F4EDCB812AF}
	EndGlobalSection
EndGlobal
